
Microsoft Visual Studio Solution File, Format Version 12.00
# Visual Studio Version 16
VisualStudioVersion = 16.0.29009.5
MinimumVisualStudioVersion = 10.0.40219.1
Project("{FAE04EC0-301F-11D3-BF4B-00C04F79EFBC}") = "NetCoreMachineLearningTesting", "NetCoreMachineLearningTesting.csproj", "{01DB845B-198A-45D2-AA87-F3665F57283A}"
EndProject
Global
	GlobalSection(SolutionConfigurationPlatforms) = preSolution
		Debug|Any CPU = Debug|Any CPU
		Release|Any CPU = Release|Any CPU
	EndGlobalSection
	GlobalSection(ProjectConfigurationPlatforms) = postSolution
		{01DB845B-198A-45D2-AA87-F3665F57283A}.Debug|Any CPU.ActiveCfg = Debug|Any CPU
		{01DB845B-198A-45D2-AA87-F3665F57283A}.Debug|Any CPU.Build.0 = Debug|Any CPU
		{01DB845B-198A-45D2-AA87-F3665F57283A}.Release|Any CPU.ActiveCfg = Release|Any CPU
		{01DB845B-198A-45D2-AA87-F3665F57283A}.Release|Any CPU.Build.0 = Release|Any CPU
	EndGlobalSection
	GlobalSection(SolutionProperties) = preSolution
		HideSolutionNode = FALSE
	EndGlobalSection
	GlobalSection(ExtensibilityGlobals) = postSolution
		SolutionGuid = {912FA9C5-CE87-478D-B983-15127D1AB433}
	EndGlobalSection
EndGlobal
